
Microsoft Visual Studio Solution File, Format Version 12.00
# Visual Studio Version 17
VisualStudioVersion = 17.0.32112.339
MinimumVisualStudioVersion = 10.0.40219.1
Project("{FAE04EC0-301F-11D3-BF4B-00C04F79EFBC}") = "PABLO_MIDTERMS", "PABLO_MIDTERMS\PABLO_MIDTERMS.csproj", "{ADE57D1E-7BA7-4B57-9ABC-EF6A8D1C284E}"
EndProject
Global
	GlobalSection(SolutionConfigurationPlatforms) = preSolution
		Debug|Any CPU = Debug|Any CPU
		Release|Any CPU = Release|Any CPU
	EndGlobalSection
	GlobalSection(ProjectConfigurationPlatforms) = postSolution
		{ADE57D1E-7BA7-4B57-9ABC-EF6A8D1C284E}.Debug|Any CPU.ActiveCfg = Debug|Any CPU
		{ADE57D1E-7BA7-4B57-9ABC-EF6A8D1C284E}.Debug|Any CPU.Build.0 = Debug|Any CPU
		{ADE57D1E-7BA7-4B57-9ABC-EF6A8D1C284E}.Release|Any CPU.ActiveCfg = Release|Any CPU
		{ADE57D1E-7BA7-4B57-9ABC-EF6A8D1C284E}.Release|Any CPU.Build.0 = Release|Any CPU
	EndGlobalSection
	GlobalSection(SolutionProperties) = preSolution
		HideSolutionNode = FALSE
	EndGlobalSection
	GlobalSection(ExtensibilityGlobals) = postSolution
		SolutionGuid = {248B50AB-A613-4470-8F7B-DF4C2A365DE2}
	EndGlobalSection
EndGlobal
